// !$*UTF8*$!
{
	archiveVersion = 1;
	classes = {
	};
	objectVersion = 55;
	objects = {

/* Begin PBXBuildFile section */
		4D69A9CF28E9DEB800D592EC /* AppDelegate.swift in Sources */ = {isa = PBXBuildFile; fileRef = 4D69A9CE28E9DEB800D592EC /* AppDelegate.swift */; };
		4D69A9D128E9DEB800D592EC /* SceneDelegate.swift in Sources */ = {isa = PBXBuildFile; fileRef = 4D69A9D028E9DEB800D592EC /* SceneDelegate.swift */; };
		4D69A9D328E9DEB800D592EC /* ViewController.swift in Sources */ = {isa = PBXBuildFile; fileRef = 4D69A9D228E9DEB800D592EC /* ViewController.swift */; };
		4D69A9D628E9DEB800D592EC /* Main.storyboard in Resources */ = {isa = PBXBuildFile; fileRef = 4D69A9D428E9DEB800D592EC /* Main.storyboard */; };
		4D69A9D828E9DEBA00D592EC /* Assets.xcassets in Resources */ = {isa = PBXBuildFile; fileRef = 4D69A9D728E9DEBA00D592EC /* Assets.xcassets */; };
		4D69A9DB28E9DEBA00D592EC /* LaunchScreen.storyboard in Resources */ = {isa = PBXBuildFile; fileRef = 4D69A9D928E9DEBA00D592EC /* LaunchScreen.storyboard */; };
		4D69A9E628E9DEBA00D592EC /* TodoListAppTests.swift in Sources */ = {isa = PBXBuildFile; fileRef = 4D69A9E528E9DEBA00D592EC /* TodoListAppTests.swift */; };
		4D69A9F028E9DEBA00D592EC /* TodoListAppUITests.swift in Sources */ = {isa = PBXBuildFile; fileRef = 4D69A9EF28E9DEBA00D592EC /* TodoListAppUITests.swift */; };
		4D69A9F228E9DEBA00D592EC /* TodoListAppUITestsLaunchTests.swift in Sources */ = {isa = PBXBuildFile; fileRef = 4D69A9F128E9DEBA00D592EC /* TodoListAppUITestsLaunchTests.swift */; };
/* End PBXBuildFile section */

/* Begin PBXContainerItemProxy section */
		4D69A9E228E9DEBA00D592EC /* PBXContainerItemProxy */ = {
			isa = PBXContainerItemProxy;
			containerPortal = 4D69A9C328E9DEB800D592EC /* Project object */;
			proxyType = 1;
			remoteGlobalIDString = 4D69A9CA28E9DEB800D592EC;
			remoteInfo = TodoListApp;
		};
		4D69A9EC28E9DEBA00D592EC /* PBXContainerItemProxy */ = {
			isa = PBXContainerItemProxy;
			containerPortal = 4D69A9C328E9DEB800D592EC /* Project object */;
			proxyType = 1;
			remoteGlobalIDString = 4D69A9CA28E9DEB800D592EC;
			remoteInfo = TodoListApp;
		};
/* End PBXContainerItemProxy section */

/* Begin PBXFileReference section */
		4D69A9CB28E9DEB800D592EC /* TodoListApp.app */ = {isa = PBXFileReference; explicitFileType = wrapper.application; includeInIndex = 0; path = TodoListApp.app; sourceTree = BUILT_PRODUCTS_DIR; };
		4D69A9CE28E9DEB800D592EC /* AppDelegate.swift */ = {isa = PBXFileReference; lastKnownFileType = sourcecode.swift; path = AppDelegate.swift; sourceTree = "<group>"; };
		4D69A9D028E9DEB800D592EC /* SceneDelegate.swift */ = {isa = PBXFileReference; lastKnownFileType = sourcecode.swift; path = SceneDelegate.swift; sourceTree = "<group>"; };
		4D69A9D228E9DEB800D592EC /* ViewController.swift */ = {isa = PBXFileReference; lastKnownFileType = sourcecode.swift; path = ViewController.swift; sourceTree = "<group>"; };
		4D69A9D528E9DEB800D592EC /* Base */ = {isa = PBXFileReference; lastKnownFileType = file.storyboard; name = Base; path = Base.lproj/Main.storyboard; sourceTree = "<group>"; };
		4D69A9D728E9DEBA00D592EC /* Assets.xcassets */ = {isa = PBXFileReference; lastKnownFileType = folder.assetcatalog; path = Assets.xcassets; sourceTree = "<group>"; };
		4D69A9DA28E9DEBA00D592EC /* Base */ = {isa = PBXFileReference; lastKnownFileType = file.storyboard; name = Base; path = Base.lproj/LaunchScreen.storyboard; sourceTree = "<group>"; };
		4D69A9DC28E9DEBA00D592EC /* Info.plist */ = {isa = PBXFileReference; lastKnownFileType = text.plist.xml; path = Info.plist; sourceTree = "<group>"; };
		4D69A9E128E9DEBA00D592EC /* TodoListAppTests.xctest */ = {isa = PBXFileReference; explicitFileType = wrapper.cfbundle; includeInIndex = 0; path = TodoListAppTests.xctest; sourceTree = BUILT_PRODUCTS_DIR; };
		4D69A9E528E9DEBA00D592EC /* TodoListAppTests.swift */ = {isa = PBXFileReference; lastKnownFileType = sourcecode.swift; path = TodoListAppTests.swift; sourceTree = "<group>"; };
		4D69A9EB28E9DEBA00D592EC /* TodoListAppUITests.xctest */ = {isa = PBXFileReference; explicitFileType = wrapper.cfbundle; includeInIndex = 0; path = TodoListAppUITests.xctest; sourceTree = BUILT_PRODUCTS_DIR; };
		4D69A9EF28E9DEBA00D592EC /* TodoListAppUITests.swift */ = {isa = PBXFileReference; lastKnownFileType = sourcecode.swift; path = TodoListAppUITests.swift; sourceTree = "<group>"; };
		4D69A9F128E9DEBA00D592EC /* TodoListAppUITestsLaunchTests.swift */ = {isa = PBXFileReference; lastKnownFileType = sourcecode.swift; path = TodoListAppUITestsLaunchTests.swift; sourceTree = "<group>"; };
/* End PBXFileReference section */

/* Begin PBXFrameworksBuildPhase section */
		4D69A9C828E9DEB800D592EC /* Frameworks */ = {
			isa = PBXFrameworksBuildPhase;
			buildActionMask = 2147483647;
			files = (
			);
			runOnlyForDeploymentPostprocessing = 0;
		};
		4D69A9DE28E9DEBA00D592EC /* Frameworks */ = {
			isa = PBXFrameworksBuildPhase;
			buildActionMask = 2147483647;
			files = (
			);
			runOnlyForDeploymentPostprocessing = 0;
		};
		4D69A9E828E9DEBA00D592EC /* Frameworks */ = {
			isa = PBXFrameworksBuildPhase;
			buildActionMask = 2147483647;
			files = (
			);
			runOnlyForDeploymentPostprocessing = 0;
		};
/* End PBXFrameworksBuildPhase section */

/* Begin PBXGroup section */
		4D69A9C228E9DEB800D592EC = {
			isa = PBXGroup;
			children = (
				4D69A9CD28E9DEB800D592EC /* TodoListApp */,
				4D69A9E428E9DEBA00D592EC /* TodoListAppTests */,
				4D69A9EE28E9DEBA00D592EC /* TodoListAppUITests */,
				4D69A9CC28E9DEB800D592EC /* Products */,
			);
			sourceTree = "<group>";
		};
		4D69A9CC28E9DEB800D592EC /* Products */ = {
			isa = PBXGroup;
			children = (
				4D69A9CB28E9DEB800D592EC /* TodoListApp.app */,
				4D69A9E128E9DEBA00D592EC /* TodoListAppTests.xctest */,
				4D69A9EB28E9DEBA00D592EC /* TodoListAppUITests.xctest */,
			);
			name = Products;
			sourceTree = "<group>";
		};
		4D69A9CD28E9DEB800D592EC /* TodoListApp */ = {
			isa = PBXGroup;
			children = (
				4D69A9CE28E9DEB800D592EC /* AppDelegate.swift */,
				4D69A9D028E9DEB800D592EC /* SceneDelegate.swift */,
				4D69A9D228E9DEB800D592EC /* ViewController.swift */,
				4D69A9D428E9DEB800D592EC /* Main.storyboard */,
				4D69A9D728E9DEBA00D592EC /* Assets.xcassets */,
				4D69A9D928E9DEBA00D592EC /* LaunchScreen.storyboard */,
				4D69A9DC28E9DEBA00D592EC /* Info.plist */,
			);
			path = TodoListApp;
			sourceTree = "<group>";
		};
		4D69A9E428E9DEBA00D592EC /* TodoListAppTests */ = {
			isa = PBXGroup;
			children = (
				4D69A9E528E9DEBA00D592EC /* TodoListAppTests.swift */,
			);
			path = TodoListAppTests;
			sourceTree = "<group>";
		};
		4D69A9EE28E9DEBA00D592EC /* TodoListAppUITests */ = {
			isa = PBXGroup;
			children = (
				4D69A9EF28E9DEBA00D592EC /* TodoListAppUITests.swift */,
				4D69A9F128E9DEBA00D592EC /* TodoListAppUITestsLaunchTests.swift */,
			);
			path = TodoListAppUITests;
			sourceTree = "<group>";
		};
/* End PBXGroup section */

/* Begin PBXNativeTarget section */
		4D69A9CA28E9DEB800D592EC /* TodoListApp */ = {
			isa = PBXNativeTarget;
			buildConfigurationList = 4D69A9F528E9DEBA00D592EC /* Build configuration list for PBXNativeTarget "TodoListApp" */;
			buildPhases = (
				4D69A9C728E9DEB800D592EC /* Sources */,
				4D69A9C828E9DEB800D592EC /* Frameworks */,
				4D69A9C928E9DEB800D592EC /* Resources */,
			);
			buildRules = (
			);
			dependencies = (
			);
			name = TodoListApp;
			productName = TodoListApp;
			productReference = 4D69A9CB28E9DEB800D592EC /* TodoListApp.app */;
			productType = "com.apple.product-type.application";
		};
		4D69A9E028E9DEBA00D592EC /* TodoListAppTests */ = {
			isa = PBXNativeTarget;
			buildConfigurationList = 4D69A9F828E9DEBA00D592EC /* Build configuration list for PBXNativeTarget "TodoListAppTests" */;
			buildPhases = (
				4D69A9DD28E9DEBA00D592EC /* Sources */,
				4D69A9DE28E9DEBA00D592EC /* Frameworks */,
				4D69A9DF28E9DEBA00D592EC /* Resources */,
			);
			buildRules = (
			);
			dependencies = (
				4D69A9E328E9DEBA00D592EC /* PBXTargetDependency */,
			);
			name = TodoListAppTests;
			productName = TodoListAppTests;
			productReference = 4D69A9E128E9DEBA00D592EC /* TodoListAppTests.xctest */;
			productType = "com.apple.product-type.bundle.unit-test";
		};
		4D69A9EA28E9DEBA00D592EC /* TodoListAppUITests */ = {
			isa = PBXNativeTarget;
			buildConfigurationList = 4D69A9FB28E9DEBA00D592EC /* Build configuration list for PBXNativeTarget "TodoListAppUITests" */;
			buildPhases = (
				4D69A9E728E9DEBA00D592EC /* Sources */,
				4D69A9E828E9DEBA00D592EC /* Frameworks */,
				4D69A9E928E9DEBA00D592EC /* Resources */,
			);
			buildRules = (
			);
			dependencies = (
				4D69A9ED28E9DEBA00D592EC /* PBXTargetDependency */,
			);
			name = TodoListAppUITests;
			productName = TodoListAppUITests;
			productReference = 4D69A9EB28E9DEBA00D592EC /* TodoListAppUITests.xctest */;
			productType = "com.apple.product-type.bundle.ui-testing";
		};
/* End PBXNativeTarget section */

/* Begin PBXProject section */
		4D69A9C328E9DEB800D592EC /* Project object */ = {
			isa = PBXProject;
			attributes = {
				BuildIndependentTargetsInParallel = 1;
				LastSwiftUpdateCheck = 1340;
				LastUpgradeCheck = 1340;
				TargetAttributes = {
					4D69A9CA28E9DEB800D592EC = {
						CreatedOnToolsVersion = 13.4.1;
					};
					4D69A9E028E9DEBA00D592EC = {
						CreatedOnToolsVersion = 13.4.1;
						TestTargetID = 4D69A9CA28E9DEB800D592EC;
					};
					4D69A9EA28E9DEBA00D592EC = {
						CreatedOnToolsVersion = 13.4.1;
						TestTargetID = 4D69A9CA28E9DEB800D592EC;
					};
				};
			};
			buildConfigurationList = 4D69A9C628E9DEB800D592EC /* Build configuration list for PBXProject "TodoListApp" */;
			compatibilityVersion = "Xcode 13.0";
			developmentRegion = en;
			hasScannedForEncodings = 0;
			knownRegions = (
				en,
				Base,
			);
			mainGroup = 4D69A9C228E9DEB800D592EC;
			productRefGroup = 4D69A9CC28E9DEB800D592EC /* Products */;
			projectDirPath = "";
			projectRoot = "";
			targets = (
				4D69A9CA28E9DEB800D592EC /* TodoListApp */,
				4D69A9E028E9DEBA00D592EC /* TodoListAppTests */,
				4D69A9EA28E9DEBA00D592EC /* TodoListAppUITests */,
			);
		};
/* End PBXProject section */

/* Begin PBXResourcesBuildPhase section */
		4D69A9C928E9DEB800D592EC /* Resources */ = {
			isa = PBXResourcesBuildPhase;
			buildActionMask = 2147483647;
			files = (
				4D69A9DB28E9DEBA00D592EC /* LaunchScreen.storyboard in Resources */,
				4D69A9D828E9DEBA00D592EC /* Assets.xcassets in Resources */,
				4D69A9D628E9DEB800D592EC /* Main.storyboard in Resources */,
			);
			runOnlyForDeploymentPostprocessing = 0;
		};
		4D69A9DF28E9DEBA00D592EC /* Resources */ = {
			isa = PBXResourcesBuildPhase;
			buildActionMask = 2147483647;
			files = (
			);
			runOnlyForDeploymentPostprocessing = 0;
		};
		4D69A9E928E9DEBA00D592EC /* Resources */ = {
			isa = PBXResourcesBuildPhase;
			buildActionMask = 2147483647;
			files = (
			);
			runOnlyForDeploymentPostprocessing = 0;
		};
/* End PBXResourcesBuildPhase section */

/* Begin PBXSourcesBuildPhase section */
		4D69A9C728E9DEB800D592EC /* Sources */ = {
			isa = PBXSourcesBuildPhase;
			buildActionMask = 2147483647;
			files = (
				4D69A9D328E9DEB800D592EC /* ViewController.swift in Sources */,
				4D69A9CF28E9DEB800D592EC /* AppDelegate.swift in Sources */,
				4D69A9D128E9DEB800D592EC /* SceneDelegate.swift in Sources */,
			);
			runOnlyForDeploymentPostprocessing = 0;
		};
		4D69A9DD28E9DEBA00D592EC /* Sources */ = {
			isa = PBXSourcesBuildPhase;
			buildActionMask = 2147483647;
			files = (
				4D69A9E628E9DEBA00D592EC /* TodoListAppTests.swift in Sources */,
			);
			runOnlyForDeploymentPostprocessing = 0;
		};
		4D69A9E728E9DEBA00D592EC /* Sources */ = {
			isa = PBXSourcesBuildPhase;
			buildActionMask = 2147483647;
			files = (
				4D69A9F228E9DEBA00D592EC /* TodoListAppUITestsLaunchTests.swift in Sources */,
				4D69A9F028E9DEBA00D592EC /* TodoListAppUITests.swift in Sources */,
			);
			runOnlyForDeploymentPostprocessing = 0;
		};
/* End PBXSourcesBuildPhase section */

/* Begin PBXTargetDependency section */
		4D69A9E328E9DEBA00D592EC /* PBXTargetDependency */ = {
			isa = PBXTargetDependency;
			target = 4D69A9CA28E9DEB800D592EC /* TodoListApp */;
			targetProxy = 4D69A9E228E9DEBA00D592EC /* PBXContainerItemProxy */;
		};
		4D69A9ED28E9DEBA00D592EC /* PBXTargetDependency */ = {
			isa = PBXTargetDependency;
			target = 4D69A9CA28E9DEB800D592EC /* TodoListApp */;
			targetProxy = 4D69A9EC28E9DEBA00D592EC /* PBXContainerItemProxy */;
		};
/* End PBXTargetDependency section */

/* Begin PBXVariantGroup section */
		4D69A9D428E9DEB800D592EC /* Main.storyboard */ = {
			isa = PBXVariantGroup;
			children = (
				4D69A9D528E9DEB800D592EC /* Base */,
			);
			name = Main.storyboard;
			sourceTree = "<group>";
		};
		4D69A9D928E9DEBA00D592EC /* LaunchScreen.storyboard */ = {
			isa = PBXVariantGroup;
			children = (
				4D69A9DA28E9DEBA00D592EC /* Base */,
			);
			name = LaunchScreen.storyboard;
			sourceTree = "<group>";
		};
/* End PBXVariantGroup section */

/* Begin XCBuildConfiguration section */
		4D69A9F328E9DEBA00D592EC /* Debug */ = {
			isa = XCBuildConfiguration;
			buildSettings = {
				ALWAYS_SEARCH_USER_PATHS = NO;
				CLANG_ANALYZER_NONNULL = YES;
				CLANG_ANALYZER_NUMBER_OBJECT_CONVERSION = YES_AGGRESSIVE;
				CLANG_CXX_LANGUAGE_STANDARD = "gnu++17";
				CLANG_ENABLE_MODULES = YES;
				CLANG_ENABLE_OBJC_ARC = YES;
				CLANG_ENABLE_OBJC_WEAK = YES;
				CLANG_WARN_BLOCK_CAPTURE_AUTORELEASING = YES;
				CLANG_WARN_BOOL_CONVERSION = YES;
				CLANG_WARN_COMMA = YES;
				CLANG_WARN_CONSTANT_CONVERSION = YES;
				CLANG_WARN_DEPRECATED_OBJC_IMPLEMENTATIONS = YES;
				CLANG_WARN_DIRECT_OBJC_ISA_USAGE = YES_ERROR;
				CLANG_WARN_DOCUMENTATION_COMMENTS = YES;
				CLANG_WARN_EMPTY_BODY = YES;
				CLANG_WARN_ENUM_CONVERSION = YES;
				CLANG_WARN_INFINITE_RECURSION = YES;
				CLANG_WARN_INT_CONVERSION = YES;
				CLANG_WARN_NON_LITERAL_NULL_CONVERSION = YES;
				CLANG_WARN_OBJC_IMPLICIT_RETAIN_SELF = YES;
				CLANG_WARN_OBJC_LITERAL_CONVERSION = YES;
				CLANG_WARN_OBJC_ROOT_CLASS = YES_ERROR;
				CLANG_WARN_QUOTED_INCLUDE_IN_FRAMEWORK_HEADER = YES;
				CLANG_WARN_RANGE_LOOP_ANALYSIS = YES;
				CLANG_WARN_STRICT_PROTOTYPES = YES;
				CLANG_WARN_SUSPICIOUS_MOVE = YES;
				CLANG_WARN_UNGUARDED_AVAILABILITY = YES_AGGRESSIVE;
				CLANG_WARN_UNREACHABLE_CODE = YES;
				CLANG_WARN__DUPLICATE_METHOD_MATCH = YES;
				COPY_PHASE_STRIP = NO;
				DEBUG_INFORMATION_FORMAT = dwarf;
				ENABLE_STRICT_OBJC_MSGSEND = YES;
				ENABLE_TESTABILITY = YES;
				GCC_C_LANGUAGE_STANDARD = gnu11;
				GCC_DYNAMIC_NO_PIC = NO;
				GCC_NO_COMMON_BLOCKS = YES;
				GCC_OPTIMIZATION_LEVEL = 0;
				GCC_PREPROCESSOR_DEFINITIONS = (
					"DEBUG=1",
					"$(inherited)",
				);
				GCC_WARN_64_TO_32_BIT_CONVERSION = YES;
				GCC_WARN_ABOUT_RETURN_TYPE = YES_ERROR;
				GCC_WARN_UNDECLARED_SELECTOR = YES;
				GCC_WARN_UNINITIALIZED_AUTOS = YES_AGGRESSIVE;
				GCC_WARN_UNUSED_FUNCTION = YES;
				GCC_WARN_UNUSED_VARIABLE = YES;
				IPHONEOS_DEPLOYMENT_TARGET = 15.5;
				MTL_ENABLE_DEBUG_INFO = INCLUDE_SOURCE;
				MTL_FAST_MATH = YES;
				ONLY_ACTIVE_ARCH = YES;
				SDKROOT = iphoneos;
				SWIFT_ACTIVE_COMPILATION_CONDITIONS = DEBUG;
				SWIFT_OPTIMIZATION_LEVEL = "-Onone";
			};
			name = Debug;
		};
		4D69A9F428E9DEBA00D592EC /* Release */ = {
			isa = XCBuildConfiguration;
			buildSettings = {
				ALWAYS_SEARCH_USER_PATHS = NO;
				CLANG_ANALYZER_NONNULL = YES;
				CLANG_ANALYZER_NUMBER_OBJECT_CONVERSION = YES_AGGRESSIVE;
				CLANG_CXX_LANGUAGE_STANDARD = "gnu++17";
				CLANG_ENABLE_MODULES = YES;
				CLANG_ENABLE_OBJC_ARC = YES;
				CLANG_ENABLE_OBJC_WEAK = YES;
				CLANG_WARN_BLOCK_CAPTURE_AUTORELEASING = YES;
				CLANG_WARN_BOOL_CONVERSION = YES;
				CLANG_WARN_COMMA = YES;
				CLANG_WARN_CONSTANT_CONVERSION = YES;
				CLANG_WARN_DEPRECATED_OBJC_IMPLEMENTATIONS = YES;
				CLANG_WARN_DIRECT_OBJC_ISA_USAGE = YES_ERROR;
				CLANG_WARN_DOCUMENTATION_COMMENTS = YES;
				CLANG_WARN_EMPTY_BODY = YES;
				CLANG_WARN_ENUM_CONVERSION = YES;
				CLANG_WARN_INFINITE_RECURSION = YES;
				CLANG_WARN_INT_CONVERSION = YES;
				CLANG_WARN_NON_LITERAL_NULL_CONVERSION = YES;
				CLANG_WARN_OBJC_IMPLICIT_RETAIN_SELF = YES;
				CLANG_WARN_OBJC_LITERAL_CONVERSION = YES;
				CLANG_WARN_OBJC_ROOT_CLASS = YES_ERROR;
				CLANG_WARN_QUOTED_INCLUDE_IN_FRAMEWORK_HEADER = YES;
				CLANG_WARN_RANGE_LOOP_ANALYSIS = YES;
				CLANG_WARN_STRICT_PROTOTYPES = YES;
				CLANG_WARN_SUSPICIOUS_MOVE = YES;
				CLANG_WARN_UNGUARDED_AVAILABILITY = YES_AGGRESSIVE;
				CLANG_WARN_UNREACHABLE_CODE = YES;
				CLANG_WARN__DUPLICATE_METHOD_MATCH = YES;
				COPY_PHASE_STRIP = NO;
				DEBUG_INFORMATION_FORMAT = "dwarf-with-dsym";
				ENABLE_NS_ASSERTIONS = NO;
				ENABLE_STRICT_OBJC_MSGSEND = YES;
				GCC_C_LANGUAGE_STANDARD = gnu11;
				GCC_NO_COMMON_BLOCKS = YES;
				GCC_WARN_64_TO_32_BIT_CONVERSION = YES;
				GCC_WARN_ABOUT_RETURN_TYPE = YES_ERROR;
				GCC_WARN_UNDECLARED_SELECTOR = YES;
				GCC_WARN_UNINITIALIZED_AUTOS = YES_AGGRESSIVE;
				GCC_WARN_UNUSED_FUNCTION = YES;
				GCC_WARN_UNUSED_VARIABLE = YES;
				IPHONEOS_DEPLOYMENT_TARGET = 15.5;
				MTL_ENABLE_DEBUG_INFO = NO;
				MTL_FAST_MATH = YES;
				SDKROOT = iphoneos;
				SWIFT_COMPILATION_MODE = wholemodule;
				SWIFT_OPTIMIZATION_LEVEL = "-O";
				VALIDATE_PRODUCT = YES;
			};
			name = Release;
		};
		4D69A9F628E9DEBA00D592EC /* Debug */ = {
			isa = XCBuildConfiguration;
			buildSettings = {
				ASSETCATALOG_COMPILER_APPICON_NAME = AppIcon;
				ASSETCATALOG_COMPILER_GLOBAL_ACCENT_COLOR_NAME = AccentColor;
				CODE_SIGN_STYLE = Automatic;
				CURRENT_PROJECT_VERSION = 1;
				GENERATE_INFOPLIST_FILE = YES;
				INFOPLIST_FILE = TodoListApp/Info.plist;
				INFOPLIST_KEY_UIApplicationSupportsIndirectInputEvents = YES;
				INFOPLIST_KEY_UILaunchStoryboardName = LaunchScreen;
				INFOPLIST_KEY_UIMainStoryboardFile = Main;
				INFOPLIST_KEY_UISupportedInterfaceOrientations_iPad = "UIInterfaceOrientationPortrait UIInterfaceOrientationPortraitUpsideDown UIInterfaceOrientationLandscapeLeft UIInterfaceOrientationLandscapeRight";
				INFOPLIST_KEY_UISupportedInterfaceOrientations_iPhone = "UIInterfaceOrientationPortrait UIInterfaceOrientationLandscapeLeft UIInterfaceOrientationLandscapeRight";
				LD_RUNPATH_SEARCH_PATHS = (
					"$(inherited)",
					"@executable_path/Frameworks",
				);
				MARKETING_VERSION = 1.0;
				PRODUCT_BUNDLE_IDENTIFIER = com.personal.TodoListApp;
				PRODUCT_NAME = "$(TARGET_NAME)";
				SWIFT_EMIT_LOC_STRINGS = YES;
				SWIFT_VERSION = 5.0;
				TARGETED_DEVICE_FAMILY = "1,2";
			};
			name = Debug;
		};
		4D69A9F728E9DEBA00D592EC /* Release */ = {
			isa = XCBuildConfiguration;
			buildSettings = {
				ASSETCATALOG_COMPILER_APPICON_NAME = AppIcon;
				ASSETCATALOG_COMPILER_GLOBAL_ACCENT_COLOR_NAME = AccentColor;
				CODE_SIGN_STYLE = Automatic;
				CURRENT_PROJECT_VERSION = 1;
				GENERATE_INFOPLIST_FILE = YES;
				INFOPLIST_FILE = TodoListApp/Info.plist;
				INFOPLIST_KEY_UIApplicationSupportsIndirectInputEvents = YES;
				INFOPLIST_KEY_UILaunchStoryboardName = LaunchScreen;
				INFOPLIST_KEY_UIMainStoryboardFile = Main;
				INFOPLIST_KEY_UISupportedInterfaceOrientations_iPad = "UIInterfaceOrientationPortrait UIInterfaceOrientationPortraitUpsideDown UIInterfaceOrientationLandscapeLeft UIInterfaceOrientationLandscapeRight";
				INFOPLIST_KEY_UISupportedInterfaceOrientations_iPhone = "UIInterfaceOrientationPortrait UIInterfaceOrientationLandscapeLeft UIInterfaceOrientationLandscapeRight";
				LD_RUNPATH_SEARCH_PATHS = (
					"$(inherited)",
					"@executable_path/Frameworks",
				);
				MARKETING_VERSION = 1.0;
				PRODUCT_BUNDLE_IDENTIFIER = com.personal.TodoListApp;
				PRODUCT_NAME = "$(TARGET_NAME)";
				SWIFT_EMIT_LOC_STRINGS = YES;
				SWIFT_VERSION = 5.0;
				TARGETED_DEVICE_FAMILY = "1,2";
			};
			name = Release;
		};
		4D69A9F928E9DEBA00D592EC /* Debug */ = {
			isa = XCBuildConfiguration;
			buildSettings = {
				ALWAYS_EMBED_SWIFT_STANDARD_LIBRARIES = YES;
				BUNDLE_LOADER = "$(TEST_HOST)";
				CODE_SIGN_STYLE = Automatic;
				CURRENT_PROJECT_VERSION = 1;
				GENERATE_INFOPLIST_FILE = YES;
				IPHONEOS_DEPLOYMENT_TARGET = 15.5;
				MARKETING_VERSION = 1.0;
				PRODUCT_BUNDLE_IDENTIFIER = com.personal.TodoListAppTests;
				PRODUCT_NAME = "$(TARGET_NAME)";
				SWIFT_EMIT_LOC_STRINGS = NO;
				SWIFT_VERSION = 5.0;
				TARGETED_DEVICE_FAMILY = "1,2";
				TEST_HOST = "$(BUILT_PRODUCTS_DIR)/TodoListApp.app/TodoListApp";
			};
			name = Debug;
		};
		4D69A9FA28E9DEBA00D592EC /* Release */ = {
			isa = XCBuildConfiguration;
			buildSettings = {
				ALWAYS_EMBED_SWIFT_STANDARD_LIBRARIES = YES;
				BUNDLE_LOADER = "$(TEST_HOST)";
				CODE_SIGN_STYLE = Automatic;
				CURRENT_PROJECT_VERSION = 1;
				GENERATE_INFOPLIST_FILE = YES;
				IPHONEOS_DEPLOYMENT_TARGET = 15.5;
				MARKETING_VERSION = 1.0;
				PRODUCT_BUNDLE_IDENTIFIER = com.personal.TodoListAppTests;
				PRODUCT_NAME = "$(TARGET_NAME)";
				SWIFT_EMIT_LOC_STRINGS = NO;
				SWIFT_VERSION = 5.0;
				TARGETED_DEVICE_FAMILY = "1,2";
				TEST_HOST = "$(BUILT_PRODUCTS_DIR)/TodoListApp.app/TodoListApp";
			};
			name = Release;
		};
		4D69A9FC28E9DEBA00D592EC /* Debug */ = {
			isa = XCBuildConfiguration;
			buildSettings = {
				ALWAYS_EMBED_SWIFT_STANDARD_LIBRARIES = YES;
				CODE_SIGN_STYLE = Automatic;
				CURRENT_PROJECT_VERSION = 1;
				GENERATE_INFOPLIST_FILE = YES;
				MARKETING_VERSION = 1.0;
				PRODUCT_BUNDLE_IDENTIFIER = com.personal.TodoListAppUITests;
				PRODUCT_NAME = "$(TARGET_NAME)";
				SWIFT_EMIT_LOC_STRINGS = NO;
				SWIFT_VERSION = 5.0;
				TARGETED_DEVICE_FAMILY = "1,2";
				TEST_TARGET_NAME = TodoListApp;
			};
			name = Debug;
		};
		4D69A9FD28E9DEBA00D592EC /* Release */ = {
			isa = XCBuildConfiguration;
			buildSettings = {
				ALWAYS_EMBED_SWIFT_STANDARD_LIBRARIES = YES;
				CODE_SIGN_STYLE = Automatic;
				CURRENT_PROJECT_VERSION = 1;
				GENERATE_INFOPLIST_FILE = YES;
				MARKETING_VERSION = 1.0;
				PRODUCT_BUNDLE_IDENTIFIER = com.personal.TodoListAppUITests;
				PRODUCT_NAME = "$(TARGET_NAME)";
				SWIFT_EMIT_LOC_STRINGS = NO;
				SWIFT_VERSION = 5.0;
				TARGETED_DEVICE_FAMILY = "1,2";
				TEST_TARGET_NAME = TodoListApp;
			};
			name = Release;
		};
/* End XCBuildConfiguration section */

/* Begin XCConfigurationList section */
		4D69A9C628E9DEB800D592EC /* Build configuration list for PBXProject "TodoListApp" */ = {
			isa = XCConfigurationList;
			buildConfigurations = (
				4D69A9F328E9DEBA00D592EC /* Debug */,
				4D69A9F428E9DEBA00D592EC /* Release */,
			);
			defaultConfigurationIsVisible = 0;
			defaultConfigurationName = Release;
		};
		4D69A9F528E9DEBA00D592EC /* Build configuration list for PBXNativeTarget "TodoListApp" */ = {
			isa = XCConfigurationList;
			buildConfigurations = (
				4D69A9F628E9DEBA00D592EC /* Debug */,
				4D69A9F728E9DEBA00D592EC /* Release */,
			);
			defaultConfigurationIsVisible = 0;
			defaultConfigurationName = Release;
		};
		4D69A9F828E9DEBA00D592EC /* Build configuration list for PBXNativeTarget "TodoListAppTests" */ = {
			isa = XCConfigurationList;
			buildConfigurations = (
				4D69A9F928E9DEBA00D592EC /* Debug */,
				4D69A9FA28E9DEBA00D592EC /* Release */,
			);
			defaultConfigurationIsVisible = 0;
			defaultConfigurationName = Release;
		};
		4D69A9FB28E9DEBA00D592EC /* Build configuration list for PBXNativeTarget "TodoListAppUITests" */ = {
			isa = XCConfigurationList;
			buildConfigurations = (
				4D69A9FC28E9DEBA00D592EC /* Debug */,
				4D69A9FD28E9DEBA00D592EC /* Release */,
			);
			defaultConfigurationIsVisible = 0;
			defaultConfigurationName = Release;
		};
/* End XCConfigurationList section */
	};
	rootObject = 4D69A9C328E9DEB800D592EC /* Project object */;
}
